// !$*UTF8*$!
{
	archiveVersion = 1;
	classes = {
	};
	objectVersion = 56;
	objects = {

/* Begin PBXBuildFile section */
		200CDB472907FA3800D99181 /* LocationManager.swift in Sources */ = {isa = PBXBuildFile; fileRef = 200CDB462907FA3800D99181 /* LocationManager.swift */; };
		200CDB4A2907FC4500D99181 /* WelcomeView.swift in Sources */ = {isa = PBXBuildFile; fileRef = 200CDB492907FC4500D99181 /* WelcomeView.swift */; };
		207A5D2328FFF8AC00EE4BDB /* WeatherForecastApp.swift in Sources */ = {isa = PBXBuildFile; fileRef = 207A5D2228FFF8AC00EE4BDB /* WeatherForecastApp.swift */; };
		207A5D2528FFF8AC00EE4BDB /* ContentView.swift in Sources */ = {isa = PBXBuildFile; fileRef = 207A5D2428FFF8AC00EE4BDB /* ContentView.swift */; };
		207A5D2728FFF8AD00EE4BDB /* Assets.xcassets in Resources */ = {isa = PBXBuildFile; fileRef = 207A5D2628FFF8AD00EE4BDB /* Assets.xcassets */; };
		207A5D2A28FFF8AD00EE4BDB /* Preview Assets.xcassets in Resources */ = {isa = PBXBuildFile; fileRef = 207A5D2928FFF8AD00EE4BDB /* Preview Assets.xcassets */; };
		207A5D2C28FFF8AD00EE4BDB /* Persistence.swift in Sources */ = {isa = PBXBuildFile; fileRef = 207A5D2B28FFF8AD00EE4BDB /* Persistence.swift */; };
		207A5D2F28FFF8AD00EE4BDB /* WeatherForecast.xcdatamodeld in Sources */ = {isa = PBXBuildFile; fileRef = 207A5D2D28FFF8AD00EE4BDB /* WeatherForecast.xcdatamodeld */; };
		207A5D3928FFF8AD00EE4BDB /* WeatherForecastTests.swift in Sources */ = {isa = PBXBuildFile; fileRef = 207A5D3828FFF8AD00EE4BDB /* WeatherForecastTests.swift */; };
		207A5D4328FFF8AD00EE4BDB /* WeatherForecastUITests.swift in Sources */ = {isa = PBXBuildFile; fileRef = 207A5D4228FFF8AD00EE4BDB /* WeatherForecastUITests.swift */; };
		207A5D4528FFF8AD00EE4BDB /* WeatherForecastUITestsLaunchTests.swift in Sources */ = {isa = PBXBuildFile; fileRef = 207A5D4428FFF8AD00EE4BDB /* WeatherForecastUITestsLaunchTests.swift */; };
/* End PBXBuildFile section */

/* Begin PBXContainerItemProxy section */
		207A5D3528FFF8AD00EE4BDB /* PBXContainerItemProxy */ = {
			isa = PBXContainerItemProxy;
			containerPortal = 207A5D1728FFF8AC00EE4BDB /* Project object */;
			proxyType = 1;
			remoteGlobalIDString = 207A5D1E28FFF8AC00EE4BDB;
			remoteInfo = WeatherForecast;
		};
		207A5D3F28FFF8AD00EE4BDB /* PBXContainerItemProxy */ = {
			isa = PBXContainerItemProxy;
			containerPortal = 207A5D1728FFF8AC00EE4BDB /* Project object */;
			proxyType = 1;
			remoteGlobalIDString = 207A5D1E28FFF8AC00EE4BDB;
			remoteInfo = WeatherForecast;
		};
/* End PBXContainerItemProxy section */

/* Begin PBXFileReference section */
		200CDB462907FA3800D99181 /* LocationManager.swift */ = {isa = PBXFileReference; lastKnownFileType = sourcecode.swift; path = LocationManager.swift; sourceTree = "<group>"; };
		200CDB492907FC4500D99181 /* WelcomeView.swift */ = {isa = PBXFileReference; lastKnownFileType = sourcecode.swift; path = WelcomeView.swift; sourceTree = "<group>"; xcLanguageSpecificationIdentifier = xcode.lang.swift; };
		207A5D1F28FFF8AC00EE4BDB /* WeatherForecast.app */ = {isa = PBXFileReference; explicitFileType = wrapper.application; includeInIndex = 0; path = WeatherForecast.app; sourceTree = BUILT_PRODUCTS_DIR; };
		207A5D2228FFF8AC00EE4BDB /* WeatherForecastApp.swift */ = {isa = PBXFileReference; lastKnownFileType = sourcecode.swift; path = WeatherForecastApp.swift; sourceTree = "<group>"; };
		207A5D2428FFF8AC00EE4BDB /* ContentView.swift */ = {isa = PBXFileReference; lastKnownFileType = sourcecode.swift; path = ContentView.swift; sourceTree = "<group>"; };
		207A5D2628FFF8AD00EE4BDB /* Assets.xcassets */ = {isa = PBXFileReference; lastKnownFileType = folder.assetcatalog; path = Assets.xcassets; sourceTree = "<group>"; };
		207A5D2928FFF8AD00EE4BDB /* Preview Assets.xcassets */ = {isa = PBXFileReference; lastKnownFileType = folder.assetcatalog; path = "Preview Assets.xcassets"; sourceTree = "<group>"; };
		207A5D2B28FFF8AD00EE4BDB /* Persistence.swift */ = {isa = PBXFileReference; lastKnownFileType = sourcecode.swift; path = Persistence.swift; sourceTree = "<group>"; };
		207A5D2E28FFF8AD00EE4BDB /* WeatherForecast.xcdatamodel */ = {isa = PBXFileReference; lastKnownFileType = wrapper.xcdatamodel; path = WeatherForecast.xcdatamodel; sourceTree = "<group>"; };
		207A5D3428FFF8AD00EE4BDB /* WeatherForecastTests.xctest */ = {isa = PBXFileReference; explicitFileType = wrapper.cfbundle; includeInIndex = 0; path = WeatherForecastTests.xctest; sourceTree = BUILT_PRODUCTS_DIR; };
		207A5D3828FFF8AD00EE4BDB /* WeatherForecastTests.swift */ = {isa = PBXFileReference; lastKnownFileType = sourcecode.swift; path = WeatherForecastTests.swift; sourceTree = "<group>"; };
		207A5D3E28FFF8AD00EE4BDB /* WeatherForecastUITests.xctest */ = {isa = PBXFileReference; explicitFileType = wrapper.cfbundle; includeInIndex = 0; path = WeatherForecastUITests.xctest; sourceTree = BUILT_PRODUCTS_DIR; };
		207A5D4228FFF8AD00EE4BDB /* WeatherForecastUITests.swift */ = {isa = PBXFileReference; lastKnownFileType = sourcecode.swift; path = WeatherForecastUITests.swift; sourceTree = "<group>"; };
		207A5D4428FFF8AD00EE4BDB /* WeatherForecastUITestsLaunchTests.swift */ = {isa = PBXFileReference; lastKnownFileType = sourcecode.swift; path = WeatherForecastUITestsLaunchTests.swift; sourceTree = "<group>"; };
/* End PBXFileReference section */

/* Begin PBXFrameworksBuildPhase section */
		207A5D1C28FFF8AC00EE4BDB /* Frameworks */ = {
			isa = PBXFrameworksBuildPhase;
			buildActionMask = 2147483647;
			files = (
			);
			runOnlyForDeploymentPostprocessing = 0;
		};
		207A5D3128FFF8AD00EE4BDB /* Frameworks */ = {
			isa = PBXFrameworksBuildPhase;
			buildActionMask = 2147483647;
			files = (
			);
			runOnlyForDeploymentPostprocessing = 0;
		};
		207A5D3B28FFF8AD00EE4BDB /* Frameworks */ = {
			isa = PBXFrameworksBuildPhase;
			buildActionMask = 2147483647;
			files = (
			);
			runOnlyForDeploymentPostprocessing = 0;
		};
/* End PBXFrameworksBuildPhase section */

/* Begin PBXGroup section */
		200CDB452907FA1100D99181 /* Managers */ = {
			isa = PBXGroup;
			children = (
				200CDB462907FA3800D99181 /* LocationManager.swift */,
			);
			path = Managers;
			sourceTree = "<group>";
		};
		200CDB482907FBC600D99181 /* Views */ = {
			isa = PBXGroup;
			children = (
				207A5D2428FFF8AC00EE4BDB /* ContentView.swift */,
				200CDB492907FC4500D99181 /* WelcomeView.swift */,
			);
			path = Views;
			sourceTree = "<group>";
		};
		207A5D1628FFF8AC00EE4BDB = {
			isa = PBXGroup;
			children = (
				207A5D2128FFF8AC00EE4BDB /* WeatherForecast */,
				207A5D3728FFF8AD00EE4BDB /* WeatherForecastTests */,
				207A5D4128FFF8AD00EE4BDB /* WeatherForecastUITests */,
				207A5D2028FFF8AC00EE4BDB /* Products */,
			);
			sourceTree = "<group>";
		};
		207A5D2028FFF8AC00EE4BDB /* Products */ = {
			isa = PBXGroup;
			children = (
				207A5D1F28FFF8AC00EE4BDB /* WeatherForecast.app */,
				207A5D3428FFF8AD00EE4BDB /* WeatherForecastTests.xctest */,
				207A5D3E28FFF8AD00EE4BDB /* WeatherForecastUITests.xctest */,
			);
			name = Products;
			sourceTree = "<group>";
		};
		207A5D2128FFF8AC00EE4BDB /* WeatherForecast */ = {
			isa = PBXGroup;
			children = (
				200CDB482907FBC600D99181 /* Views */,
				200CDB452907FA1100D99181 /* Managers */,
				207A5D2228FFF8AC00EE4BDB /* WeatherForecastApp.swift */,
				207A5D2628FFF8AD00EE4BDB /* Assets.xcassets */,
				207A5D2B28FFF8AD00EE4BDB /* Persistence.swift */,
				207A5D2D28FFF8AD00EE4BDB /* WeatherForecast.xcdatamodeld */,
				207A5D2828FFF8AD00EE4BDB /* Preview Content */,
			);
			path = WeatherForecast;
			sourceTree = "<group>";
		};
		207A5D2828FFF8AD00EE4BDB /* Preview Content */ = {
			isa = PBXGroup;
			children = (
				207A5D2928FFF8AD00EE4BDB /* Preview Assets.xcassets */,
			);
			path = "Preview Content";
			sourceTree = "<group>";
		};
		207A5D3728FFF8AD00EE4BDB /* WeatherForecastTests */ = {
			isa = PBXGroup;
			children = (
				207A5D3828FFF8AD00EE4BDB /* WeatherForecastTests.swift */,
			);
			path = WeatherForecastTests;
			sourceTree = "<group>";
		};
		207A5D4128FFF8AD00EE4BDB /* WeatherForecastUITests */ = {
			isa = PBXGroup;
			children = (
				207A5D4228FFF8AD00EE4BDB /* WeatherForecastUITests.swift */,
				207A5D4428FFF8AD00EE4BDB /* WeatherForecastUITestsLaunchTests.swift */,
			);
			path = WeatherForecastUITests;
			sourceTree = "<group>";
		};
/* End PBXGroup section */

/* Begin PBXNativeTarget section */
		207A5D1E28FFF8AC00EE4BDB /* WeatherForecast */ = {
			isa = PBXNativeTarget;
			buildConfigurationList = 207A5D4828FFF8AD00EE4BDB /* Build configuration list for PBXNativeTarget "WeatherForecast" */;
			buildPhases = (
				207A5D1B28FFF8AC00EE4BDB /* Sources */,
				207A5D1C28FFF8AC00EE4BDB /* Frameworks */,
				207A5D1D28FFF8AC00EE4BDB /* Resources */,
			);
			buildRules = (
			);
			dependencies = (
			);
			name = WeatherForecast;
			productName = WeatherForecast;
			productReference = 207A5D1F28FFF8AC00EE4BDB /* WeatherForecast.app */;
			productType = "com.apple.product-type.application";
		};
		207A5D3328FFF8AD00EE4BDB /* WeatherForecastTests */ = {
			isa = PBXNativeTarget;
			buildConfigurationList = 207A5D4B28FFF8AD00EE4BDB /* Build configuration list for PBXNativeTarget "WeatherForecastTests" */;
			buildPhases = (
				207A5D3028FFF8AD00EE4BDB /* Sources */,
				207A5D3128FFF8AD00EE4BDB /* Frameworks */,
				207A5D3228FFF8AD00EE4BDB /* Resources */,
			);
			buildRules = (
			);
			dependencies = (
				207A5D3628FFF8AD00EE4BDB /* PBXTargetDependency */,
			);
			name = WeatherForecastTests;
			productName = WeatherForecastTests;
			productReference = 207A5D3428FFF8AD00EE4BDB /* WeatherForecastTests.xctest */;
			productType = "com.apple.product-type.bundle.unit-test";
		};
		207A5D3D28FFF8AD00EE4BDB /* WeatherForecastUITests */ = {
			isa = PBXNativeTarget;
			buildConfigurationList = 207A5D4E28FFF8AD00EE4BDB /* Build configuration list for PBXNativeTarget "WeatherForecastUITests" */;
			buildPhases = (
				207A5D3A28FFF8AD00EE4BDB /* Sources */,
				207A5D3B28FFF8AD00EE4BDB /* Frameworks */,
				207A5D3C28FFF8AD00EE4BDB /* Resources */,
			);
			buildRules = (
			);
			dependencies = (
				207A5D4028FFF8AD00EE4BDB /* PBXTargetDependency */,
			);
			name = WeatherForecastUITests;
			productName = WeatherForecastUITests;
			productReference = 207A5D3E28FFF8AD00EE4BDB /* WeatherForecastUITests.xctest */;
			productType = "com.apple.product-type.bundle.ui-testing";
		};
/* End PBXNativeTarget section */

/* Begin PBXProject section */
		207A5D1728FFF8AC00EE4BDB /* Project object */ = {
			isa = PBXProject;
			attributes = {
				BuildIndependentTargetsInParallel = 1;
				LastSwiftUpdateCheck = 1400;
				LastUpgradeCheck = 1400;
				TargetAttributes = {
					207A5D1E28FFF8AC00EE4BDB = {
						CreatedOnToolsVersion = 14.0.1;
					};
					207A5D3328FFF8AD00EE4BDB = {
						CreatedOnToolsVersion = 14.0.1;
						TestTargetID = 207A5D1E28FFF8AC00EE4BDB;
					};
					207A5D3D28FFF8AD00EE4BDB = {
						CreatedOnToolsVersion = 14.0.1;
						TestTargetID = 207A5D1E28FFF8AC00EE4BDB;
					};
				};
			};
			buildConfigurationList = 207A5D1A28FFF8AC00EE4BDB /* Build configuration list for PBXProject "WeatherForecast" */;
			compatibilityVersion = "Xcode 14.0";
			developmentRegion = en;
			hasScannedForEncodings = 0;
			knownRegions = (
				en,
				Base,
			);
			mainGroup = 207A5D1628FFF8AC00EE4BDB;
			productRefGroup = 207A5D2028FFF8AC00EE4BDB /* Products */;
			projectDirPath = "";
			projectRoot = "";
			targets = (
				207A5D1E28FFF8AC00EE4BDB /* WeatherForecast */,
				207A5D3328FFF8AD00EE4BDB /* WeatherForecastTests */,
				207A5D3D28FFF8AD00EE4BDB /* WeatherForecastUITests */,
			);
		};
/* End PBXProject section */

/* Begin PBXResourcesBuildPhase section */
		207A5D1D28FFF8AC00EE4BDB /* Resources */ = {
			isa = PBXResourcesBuildPhase;
			buildActionMask = 2147483647;
			files = (
				207A5D2A28FFF8AD00EE4BDB /* Preview Assets.xcassets in Resources */,
				207A5D2728FFF8AD00EE4BDB /* Assets.xcassets in Resources */,
			);
			runOnlyForDeploymentPostprocessing = 0;
		};
		207A5D3228FFF8AD00EE4BDB /* Resources */ = {
			isa = PBXResourcesBuildPhase;
			buildActionMask = 2147483647;
			files = (
			);
			runOnlyForDeploymentPostprocessing = 0;
		};
		207A5D3C28FFF8AD00EE4BDB /* Resources */ = {
			isa = PBXResourcesBuildPhase;
			buildActionMask = 2147483647;
			files = (
			);
			runOnlyForDeploymentPostprocessing = 0;
		};
/* End PBXResourcesBuildPhase section */

/* Begin PBXSourcesBuildPhase section */
		207A5D1B28FFF8AC00EE4BDB /* Sources */ = {
			isa = PBXSourcesBuildPhase;
			buildActionMask = 2147483647;
			files = (
				207A5D2C28FFF8AD00EE4BDB /* Persistence.swift in Sources */,
				200CDB4A2907FC4500D99181 /* WelcomeView.swift in Sources */,
				207A5D2528FFF8AC00EE4BDB /* ContentView.swift in Sources */,
				200CDB472907FA3800D99181 /* LocationManager.swift in Sources */,
				207A5D2328FFF8AC00EE4BDB /* WeatherForecastApp.swift in Sources */,
				207A5D2F28FFF8AD00EE4BDB /* WeatherForecast.xcdatamodeld in Sources */,
			);
			runOnlyForDeploymentPostprocessing = 0;
		};
		207A5D3028FFF8AD00EE4BDB /* Sources */ = {
			isa = PBXSourcesBuildPhase;
			buildActionMask = 2147483647;
			files = (
				207A5D3928FFF8AD00EE4BDB /* WeatherForecastTests.swift in Sources */,
			);
			runOnlyForDeploymentPostprocessing = 0;
		};
		207A5D3A28FFF8AD00EE4BDB /* Sources */ = {
			isa = PBXSourcesBuildPhase;
			buildActionMask = 2147483647;
			files = (
				207A5D4528FFF8AD00EE4BDB /* WeatherForecastUITestsLaunchTests.swift in Sources */,
				207A5D4328FFF8AD00EE4BDB /* WeatherForecastUITests.swift in Sources */,
			);
			runOnlyForDeploymentPostprocessing = 0;
		};
/* End PBXSourcesBuildPhase section */

/* Begin PBXTargetDependency section */
		207A5D3628FFF8AD00EE4BDB /* PBXTargetDependency */ = {
			isa = PBXTargetDependency;
			target = 207A5D1E28FFF8AC00EE4BDB /* WeatherForecast */;
			targetProxy = 207A5D3528FFF8AD00EE4BDB /* PBXContainerItemProxy */;
		};
		207A5D4028FFF8AD00EE4BDB /* PBXTargetDependency */ = {
			isa = PBXTargetDependency;
			target = 207A5D1E28FFF8AC00EE4BDB /* WeatherForecast */;
			targetProxy = 207A5D3F28FFF8AD00EE4BDB /* PBXContainerItemProxy */;
		};
/* End PBXTargetDependency section */

/* Begin XCBuildConfiguration section */
		207A5D4628FFF8AD00EE4BDB /* Debug */ = {
			isa = XCBuildConfiguration;
			buildSettings = {
				ALWAYS_SEARCH_USER_PATHS = NO;
				CLANG_ANALYZER_NONNULL = YES;
				CLANG_ANALYZER_NUMBER_OBJECT_CONVERSION = YES_AGGRESSIVE;
				CLANG_CXX_LANGUAGE_STANDARD = "gnu++20";
				CLANG_ENABLE_MODULES = YES;
				CLANG_ENABLE_OBJC_ARC = YES;
				CLANG_ENABLE_OBJC_WEAK = YES;
				CLANG_WARN_BLOCK_CAPTURE_AUTORELEASING = YES;
				CLANG_WARN_BOOL_CONVERSION = YES;
				CLANG_WARN_COMMA = YES;
				CLANG_WARN_CONSTANT_CONVERSION = YES;
				CLANG_WARN_DEPRECATED_OBJC_IMPLEMENTATIONS = YES;
				CLANG_WARN_DIRECT_OBJC_ISA_USAGE = YES_ERROR;
				CLANG_WARN_DOCUMENTATION_COMMENTS = YES;
				CLANG_WARN_EMPTY_BODY = YES;
				CLANG_WARN_ENUM_CONVERSION = YES;
				CLANG_WARN_INFINITE_RECURSION = YES;
				CLANG_WARN_INT_CONVERSION = YES;
				CLANG_WARN_NON_LITERAL_NULL_CONVERSION = YES;
				CLANG_WARN_OBJC_IMPLICIT_RETAIN_SELF = YES;
				CLANG_WARN_OBJC_LITERAL_CONVERSION = YES;
				CLANG_WARN_OBJC_ROOT_CLASS = YES_ERROR;
				CLANG_WARN_QUOTED_INCLUDE_IN_FRAMEWORK_HEADER = YES;
				CLANG_WARN_RANGE_LOOP_ANALYSIS = YES;
				CLANG_WARN_STRICT_PROTOTYPES = YES;
				CLANG_WARN_SUSPICIOUS_MOVE = YES;
				CLANG_WARN_UNGUARDED_AVAILABILITY = YES_AGGRESSIVE;
				CLANG_WARN_UNREACHABLE_CODE = YES;
				CLANG_WARN__DUPLICATE_METHOD_MATCH = YES;
				COPY_PHASE_STRIP = NO;
				DEBUG_INFORMATION_FORMAT = dwarf;
				ENABLE_STRICT_OBJC_MSGSEND = YES;
				ENABLE_TESTABILITY = YES;
				GCC_C_LANGUAGE_STANDARD = gnu11;
				GCC_DYNAMIC_NO_PIC = NO;
				GCC_NO_COMMON_BLOCKS = YES;
				GCC_OPTIMIZATION_LEVEL = 0;
				GCC_PREPROCESSOR_DEFINITIONS = (
					"DEBUG=1",
					"$(inherited)",
				);
				GCC_WARN_64_TO_32_BIT_CONVERSION = YES;
				GCC_WARN_ABOUT_RETURN_TYPE = YES_ERROR;
				GCC_WARN_UNDECLARED_SELECTOR = YES;
				GCC_WARN_UNINITIALIZED_AUTOS = YES_AGGRESSIVE;
				GCC_WARN_UNUSED_FUNCTION = YES;
				GCC_WARN_UNUSED_VARIABLE = YES;
				IPHONEOS_DEPLOYMENT_TARGET = 16.0;
				MTL_ENABLE_DEBUG_INFO = INCLUDE_SOURCE;
				MTL_FAST_MATH = YES;
				ONLY_ACTIVE_ARCH = YES;
				SDKROOT = iphoneos;
				SWIFT_ACTIVE_COMPILATION_CONDITIONS = DEBUG;
				SWIFT_OPTIMIZATION_LEVEL = "-Onone";
			};
			name = Debug;
		};
		207A5D4728FFF8AD00EE4BDB /* Release */ = {
			isa = XCBuildConfiguration;
			buildSettings = {
				ALWAYS_SEARCH_USER_PATHS = NO;
				CLANG_ANALYZER_NONNULL = YES;
				CLANG_ANALYZER_NUMBER_OBJECT_CONVERSION = YES_AGGRESSIVE;
				CLANG_CXX_LANGUAGE_STANDARD = "gnu++20";
				CLANG_ENABLE_MODULES = YES;
				CLANG_ENABLE_OBJC_ARC = YES;
				CLANG_ENABLE_OBJC_WEAK = YES;
				CLANG_WARN_BLOCK_CAPTURE_AUTORELEASING = YES;
				CLANG_WARN_BOOL_CONVERSION = YES;
				CLANG_WARN_COMMA = YES;
				CLANG_WARN_CONSTANT_CONVERSION = YES;
				CLANG_WARN_DEPRECATED_OBJC_IMPLEMENTATIONS = YES;
				CLANG_WARN_DIRECT_OBJC_ISA_USAGE = YES_ERROR;
				CLANG_WARN_DOCUMENTATION_COMMENTS = YES;
				CLANG_WARN_EMPTY_BODY = YES;
				CLANG_WARN_ENUM_CONVERSION = YES;
				CLANG_WARN_INFINITE_RECURSION = YES;
				CLANG_WARN_INT_CONVERSION = YES;
				CLANG_WARN_NON_LITERAL_NULL_CONVERSION = YES;
				CLANG_WARN_OBJC_IMPLICIT_RETAIN_SELF = YES;
				CLANG_WARN_OBJC_LITERAL_CONVERSION = YES;
				CLANG_WARN_OBJC_ROOT_CLASS = YES_ERROR;
				CLANG_WARN_QUOTED_INCLUDE_IN_FRAMEWORK_HEADER = YES;
				CLANG_WARN_RANGE_LOOP_ANALYSIS = YES;
				CLANG_WARN_STRICT_PROTOTYPES = YES;
				CLANG_WARN_SUSPICIOUS_MOVE = YES;
				CLANG_WARN_UNGUARDED_AVAILABILITY = YES_AGGRESSIVE;
				CLANG_WARN_UNREACHABLE_CODE = YES;
				CLANG_WARN__DUPLICATE_METHOD_MATCH = YES;
				COPY_PHASE_STRIP = NO;
				DEBUG_INFORMATION_FORMAT = "dwarf-with-dsym";
				ENABLE_NS_ASSERTIONS = NO;
				ENABLE_STRICT_OBJC_MSGSEND = YES;
				GCC_C_LANGUAGE_STANDARD = gnu11;
				GCC_NO_COMMON_BLOCKS = YES;
				GCC_WARN_64_TO_32_BIT_CONVERSION = YES;
				GCC_WARN_ABOUT_RETURN_TYPE = YES_ERROR;
				GCC_WARN_UNDECLARED_SELECTOR = YES;
				GCC_WARN_UNINITIALIZED_AUTOS = YES_AGGRESSIVE;
				GCC_WARN_UNUSED_FUNCTION = YES;
				GCC_WARN_UNUSED_VARIABLE = YES;
				IPHONEOS_DEPLOYMENT_TARGET = 16.0;
				MTL_ENABLE_DEBUG_INFO = NO;
				MTL_FAST_MATH = YES;
				SDKROOT = iphoneos;
				SWIFT_COMPILATION_MODE = wholemodule;
				SWIFT_OPTIMIZATION_LEVEL = "-O";
				VALIDATE_PRODUCT = YES;
			};
			name = Release;
		};
		207A5D4928FFF8AD00EE4BDB /* Debug */ = {
			isa = XCBuildConfiguration;
			buildSettings = {
				ASSETCATALOG_COMPILER_APPICON_NAME = AppIcon;
				ASSETCATALOG_COMPILER_GLOBAL_ACCENT_COLOR_NAME = AccentColor;
				CODE_SIGN_STYLE = Automatic;
				CURRENT_PROJECT_VERSION = 1;
				DEVELOPMENT_ASSET_PATHS = "\"WeatherForecast/Preview Content\"";
				DEVELOPMENT_TEAM = TH3R22Z883;
				ENABLE_PREVIEWS = YES;
				GENERATE_INFOPLIST_FILE = YES;
				INFOPLIST_KEY_NSLocationAlwaysAndWhenInUseUsageDescription = "This app requires your location";
				INFOPLIST_KEY_NSLocationWhenInUseUsageDescription = "This app requires your location";
				INFOPLIST_KEY_UIApplicationSceneManifest_Generation = YES;
				INFOPLIST_KEY_UIApplicationSupportsIndirectInputEvents = YES;
				INFOPLIST_KEY_UILaunchScreen_Generation = YES;
				INFOPLIST_KEY_UISupportedInterfaceOrientations_iPad = "UIInterfaceOrientationPortrait UIInterfaceOrientationPortraitUpsideDown UIInterfaceOrientationLandscapeLeft UIInterfaceOrientationLandscapeRight";
				INFOPLIST_KEY_UISupportedInterfaceOrientations_iPhone = "UIInterfaceOrientationPortrait UIInterfaceOrientationLandscapeLeft UIInterfaceOrientationLandscapeRight";
				LD_RUNPATH_SEARCH_PATHS = (
					"$(inherited)",
					"@executable_path/Frameworks",
				);
				MARKETING_VERSION = 1.0;
				PRODUCT_BUNDLE_IDENTIFIER = com.hicret.weatherforecast.WeatherForecast;
				PRODUCT_NAME = "$(TARGET_NAME)";
				SWIFT_EMIT_LOC_STRINGS = YES;
				SWIFT_VERSION = 5.0;
				TARGETED_DEVICE_FAMILY = "1,2";
			};
			name = Debug;
		};
		207A5D4A28FFF8AD00EE4BDB /* Release */ = {
			isa = XCBuildConfiguration;
			buildSettings = {
				ASSETCATALOG_COMPILER_APPICON_NAME = AppIcon;
				ASSETCATALOG_COMPILER_GLOBAL_ACCENT_COLOR_NAME = AccentColor;
				CODE_SIGN_STYLE = Automatic;
				CURRENT_PROJECT_VERSION = 1;
				DEVELOPMENT_ASSET_PATHS = "\"WeatherForecast/Preview Content\"";
				DEVELOPMENT_TEAM = TH3R22Z883;
				ENABLE_PREVIEWS = YES;
				GENERATE_INFOPLIST_FILE = YES;
				INFOPLIST_KEY_NSLocationAlwaysAndWhenInUseUsageDescription = "This app requires your location";
				INFOPLIST_KEY_NSLocationWhenInUseUsageDescription = "This app requires your location";
				INFOPLIST_KEY_UIApplicationSceneManifest_Generation = YES;
				INFOPLIST_KEY_UIApplicationSupportsIndirectInputEvents = YES;
				INFOPLIST_KEY_UILaunchScreen_Generation = YES;
				INFOPLIST_KEY_UISupportedInterfaceOrientations_iPad = "UIInterfaceOrientationPortrait UIInterfaceOrientationPortraitUpsideDown UIInterfaceOrientationLandscapeLeft UIInterfaceOrientationLandscapeRight";
				INFOPLIST_KEY_UISupportedInterfaceOrientations_iPhone = "UIInterfaceOrientationPortrait UIInterfaceOrientationLandscapeLeft UIInterfaceOrientationLandscapeRight";
				LD_RUNPATH_SEARCH_PATHS = (
					"$(inherited)",
					"@executable_path/Frameworks",
				);
				MARKETING_VERSION = 1.0;
				PRODUCT_BUNDLE_IDENTIFIER = com.hicret.weatherforecast.WeatherForecast;
				PRODUCT_NAME = "$(TARGET_NAME)";
				SWIFT_EMIT_LOC_STRINGS = YES;
				SWIFT_VERSION = 5.0;
				TARGETED_DEVICE_FAMILY = "1,2";
			};
			name = Release;
		};
		207A5D4C28FFF8AD00EE4BDB /* Debug */ = {
			isa = XCBuildConfiguration;
			buildSettings = {
				ALWAYS_EMBED_SWIFT_STANDARD_LIBRARIES = YES;
				BUNDLE_LOADER = "$(TEST_HOST)";
				CODE_SIGN_STYLE = Automatic;
				CURRENT_PROJECT_VERSION = 1;
				DEVELOPMENT_TEAM = TH3R22Z883;
				GENERATE_INFOPLIST_FILE = YES;
				IPHONEOS_DEPLOYMENT_TARGET = 16.0;
				MARKETING_VERSION = 1.0;
				PRODUCT_BUNDLE_IDENTIFIER = com.hicret.weatherforecast.WeatherForecastTests;
				PRODUCT_NAME = "$(TARGET_NAME)";
				SWIFT_EMIT_LOC_STRINGS = NO;
				SWIFT_VERSION = 5.0;
				TARGETED_DEVICE_FAMILY = "1,2";
				TEST_HOST = "$(BUILT_PRODUCTS_DIR)/WeatherForecast.app/$(BUNDLE_EXECUTABLE_FOLDER_PATH)/WeatherForecast";
			};
			name = Debug;
		};
		207A5D4D28FFF8AD00EE4BDB /* Release */ = {
			isa = XCBuildConfiguration;
			buildSettings = {
				ALWAYS_EMBED_SWIFT_STANDARD_LIBRARIES = YES;
				BUNDLE_LOADER = "$(TEST_HOST)";
				CODE_SIGN_STYLE = Automatic;
				CURRENT_PROJECT_VERSION = 1;
				DEVELOPMENT_TEAM = TH3R22Z883;
				GENERATE_INFOPLIST_FILE = YES;
				IPHONEOS_DEPLOYMENT_TARGET = 16.0;
				MARKETING_VERSION = 1.0;
				PRODUCT_BUNDLE_IDENTIFIER = com.hicret.weatherforecast.WeatherForecastTests;
				PRODUCT_NAME = "$(TARGET_NAME)";
				SWIFT_EMIT_LOC_STRINGS = NO;
				SWIFT_VERSION = 5.0;
				TARGETED_DEVICE_FAMILY = "1,2";
				TEST_HOST = "$(BUILT_PRODUCTS_DIR)/WeatherForecast.app/$(BUNDLE_EXECUTABLE_FOLDER_PATH)/WeatherForecast";
			};
			name = Release;
		};
		207A5D4F28FFF8AD00EE4BDB /* Debug */ = {
			isa = XCBuildConfiguration;
			buildSettings = {
				ALWAYS_EMBED_SWIFT_STANDARD_LIBRARIES = YES;
				CODE_SIGN_STYLE = Automatic;
				CURRENT_PROJECT_VERSION = 1;
				DEVELOPMENT_TEAM = TH3R22Z883;
				GENERATE_INFOPLIST_FILE = YES;
				MARKETING_VERSION = 1.0;
				PRODUCT_BUNDLE_IDENTIFIER = com.hicret.weatherforecast.WeatherForecastUITests;
				PRODUCT_NAME = "$(TARGET_NAME)";
				SWIFT_EMIT_LOC_STRINGS = NO;
				SWIFT_VERSION = 5.0;
				TARGETED_DEVICE_FAMILY = "1,2";
				TEST_TARGET_NAME = WeatherForecast;
			};
			name = Debug;
		};
		207A5D5028FFF8AD00EE4BDB /* Release */ = {
			isa = XCBuildConfiguration;
			buildSettings = {
				ALWAYS_EMBED_SWIFT_STANDARD_LIBRARIES = YES;
				CODE_SIGN_STYLE = Automatic;
				CURRENT_PROJECT_VERSION = 1;
				DEVELOPMENT_TEAM = TH3R22Z883;
				GENERATE_INFOPLIST_FILE = YES;
				MARKETING_VERSION = 1.0;
				PRODUCT_BUNDLE_IDENTIFIER = com.hicret.weatherforecast.WeatherForecastUITests;
				PRODUCT_NAME = "$(TARGET_NAME)";
				SWIFT_EMIT_LOC_STRINGS = NO;
				SWIFT_VERSION = 5.0;
				TARGETED_DEVICE_FAMILY = "1,2";
				TEST_TARGET_NAME = WeatherForecast;
			};
			name = Release;
		};
/* End XCBuildConfiguration section */

/* Begin XCConfigurationList section */
		207A5D1A28FFF8AC00EE4BDB /* Build configuration list for PBXProject "WeatherForecast" */ = {
			isa = XCConfigurationList;
			buildConfigurations = (
				207A5D4628FFF8AD00EE4BDB /* Debug */,
				207A5D4728FFF8AD00EE4BDB /* Release */,
			);
			defaultConfigurationIsVisible = 0;
			defaultConfigurationName = Release;
		};
		207A5D4828FFF8AD00EE4BDB /* Build configuration list for PBXNativeTarget "WeatherForecast" */ = {
			isa = XCConfigurationList;
			buildConfigurations = (
				207A5D4928FFF8AD00EE4BDB /* Debug */,
				207A5D4A28FFF8AD00EE4BDB /* Release */,
			);
			defaultConfigurationIsVisible = 0;
			defaultConfigurationName = Release;
		};
		207A5D4B28FFF8AD00EE4BDB /* Build configuration list for PBXNativeTarget "WeatherForecastTests" */ = {
			isa = XCConfigurationList;
			buildConfigurations = (
				207A5D4C28FFF8AD00EE4BDB /* Debug */,
				207A5D4D28FFF8AD00EE4BDB /* Release */,
			);
			defaultConfigurationIsVisible = 0;
			defaultConfigurationName = Release;
		};
		207A5D4E28FFF8AD00EE4BDB /* Build configuration list for PBXNativeTarget "WeatherForecastUITests" */ = {
			isa = XCConfigurationList;
			buildConfigurations = (
				207A5D4F28FFF8AD00EE4BDB /* Debug */,
				207A5D5028FFF8AD00EE4BDB /* Release */,
			);
			defaultConfigurationIsVisible = 0;
			defaultConfigurationName = Release;
		};
/* End XCConfigurationList section */

/* Begin XCVersionGroup section */
		207A5D2D28FFF8AD00EE4BDB /* WeatherForecast.xcdatamodeld */ = {
			isa = XCVersionGroup;
			children = (
				207A5D2E28FFF8AD00EE4BDB /* WeatherForecast.xcdatamodel */,
			);
			currentVersion = 207A5D2E28FFF8AD00EE4BDB /* WeatherForecast.xcdatamodel */;
			path = WeatherForecast.xcdatamodeld;
			sourceTree = "<group>";
			versionGroupType = wrapper.xcdatamodel;
		};
/* End XCVersionGroup section */
	};
	rootObject = 207A5D1728FFF8AC00EE4BDB /* Project object */;
}
